
Microsoft Visual Studio Solution File, Format Version 12.00
# Visual Studio 15
Project("{FAE04EC0-301F-11D3-BF4B-00C04F79EFBC}") = "Assembly-CSharp", "Assembly-CSharp.csproj", "{A2FBA148-08AD-0DFD-1710-A4EC9CFE595D}"
EndProject
Project("{FAE04EC0-301F-11D3-BF4B-00C04F79EFBC}") = "Assembly-CSharp-Editor", "Assembly-CSharp-Editor.csproj", "{6150A9EE-AD1F-A12E-0D20-33DB168AFC4F}"
EndProject
Global
	GlobalSection(SolutionConfigurationPlatforms) = preSolution
		Debug|Any CPU = Debug|Any CPU
		Release|Any CPU = Release|Any CPU
	EndGlobalSection
	GlobalSection(ProjectConfigurationPlatforms) = postSolution
		{A2FBA148-08AD-0DFD-1710-A4EC9CFE595D}.Debug|Any CPU.ActiveCfg = Debug|Any CPU
		{A2FBA148-08AD-0DFD-1710-A4EC9CFE595D}.Debug|Any CPU.Build.0 = Debug|Any CPU
		{A2FBA148-08AD-0DFD-1710-A4EC9CFE595D}.Release|Any CPU.ActiveCfg = Release|Any CPU
		{A2FBA148-08AD-0DFD-1710-A4EC9CFE595D}.Release|Any CPU.Build.0 = Release|Any CPU
		{6150A9EE-AD1F-A12E-0D20-33DB168AFC4F}.Debug|Any CPU.ActiveCfg = Debug|Any CPU
		{6150A9EE-AD1F-A12E-0D20-33DB168AFC4F}.Debug|Any CPU.Build.0 = Debug|Any CPU
		{6150A9EE-AD1F-A12E-0D20-33DB168AFC4F}.Release|Any CPU.ActiveCfg = Release|Any CPU
		{6150A9EE-AD1F-A12E-0D20-33DB168AFC4F}.Release|Any CPU.Build.0 = Release|Any CPU
	EndGlobalSection
	GlobalSection(SolutionProperties) = preSolution
		HideSolutionNode = FALSE
	EndGlobalSection
EndGlobal
